
Microsoft Visual Studio Solution File, Format Version 11.00
# Visual Studio 2010
Project("{FAE04EC0-301F-11D3-BF4B-00C04F79EFBC}") = "DeepBlue", "DeepBlue.csproj", "{6BAC1ADD-D823-4979-9905-0A0B677B12CE}"
EndProject
Project("{FAE04EC0-301F-11D3-BF4B-00C04F79EFBC}") = "DeepBlue.Tests", "..\DeepBlue.Tests\DeepBlue.Tests.csproj", "{AB315A5E-A038-4105-8750-74AC180F6ACD}"
EndProject
Global
	GlobalSection(SolutionConfigurationPlatforms) = preSolution
		Debug|Any CPU = Debug|Any CPU
		Release|Any CPU = Release|Any CPU
	EndGlobalSection
	GlobalSection(ProjectConfigurationPlatforms) = postSolution
		{6BAC1ADD-D823-4979-9905-0A0B677B12CE}.Debug|Any CPU.ActiveCfg = Debug|Any CPU
		{6BAC1ADD-D823-4979-9905-0A0B677B12CE}.Debug|Any CPU.Build.0 = Debug|Any CPU
		{6BAC1ADD-D823-4979-9905-0A0B677B12CE}.Release|Any CPU.ActiveCfg = Release|Any CPU
		{6BAC1ADD-D823-4979-9905-0A0B677B12CE}.Release|Any CPU.Build.0 = Release|Any CPU
		{AB315A5E-A038-4105-8750-74AC180F6ACD}.Debug|Any CPU.ActiveCfg = Debug|Any CPU
		{AB315A5E-A038-4105-8750-74AC180F6ACD}.Debug|Any CPU.Build.0 = Debug|Any CPU
		{AB315A5E-A038-4105-8750-74AC180F6ACD}.Release|Any CPU.ActiveCfg = Release|Any CPU
		{AB315A5E-A038-4105-8750-74AC180F6ACD}.Release|Any CPU.Build.0 = Release|Any CPU
	EndGlobalSection
	GlobalSection(SolutionProperties) = preSolution
		HideSolutionNode = FALSE
	EndGlobalSection
EndGlobal
